// !$*UTF8*$!
{
	archiveVersion = 1;
	classes = {
	};
	objectVersion = 48;
	objects = {

/* Begin PBXBuildFile section */
		136633D77158A55B3742F520 /* Pods_MVVM.framework in Frameworks */ = {isa = PBXBuildFile; fileRef = BAB8E9B0185DAE91E5027144 /* Pods_MVVM.framework */; };
		CE3E5895210750BB00BE3FC0 /* AppDelegate.swift in Sources */ = {isa = PBXBuildFile; fileRef = CE3E5894210750BB00BE3FC0 /* AppDelegate.swift */; };
		CE3E5897210750BB00BE3FC0 /* MainViewController.swift in Sources */ = {isa = PBXBuildFile; fileRef = CE3E5896210750BB00BE3FC0 /* MainViewController.swift */; };
		CE3E589A210750BB00BE3FC0 /* Main.storyboard in Resources */ = {isa = PBXBuildFile; fileRef = CE3E5898210750BB00BE3FC0 /* Main.storyboard */; };
		CE3E589C210750BB00BE3FC0 /* Assets.xcassets in Resources */ = {isa = PBXBuildFile; fileRef = CE3E589B210750BB00BE3FC0 /* Assets.xcassets */; };
		CE3E589F210750BB00BE3FC0 /* LaunchScreen.storyboard in Resources */ = {isa = PBXBuildFile; fileRef = CE3E589D210750BB00BE3FC0 /* LaunchScreen.storyboard */; };
		CE3E58A82107774000BE3FC0 /* Car.swift in Sources */ = {isa = PBXBuildFile; fileRef = CE3E58A72107774000BE3FC0 /* Car.swift */; };
		CE3E58AB21079AC400BE3FC0 /* CarCell.swift in Sources */ = {isa = PBXBuildFile; fileRef = CE3E58AA21079AC400BE3FC0 /* CarCell.swift */; };
		CE3E58AD21079B0600BE3FC0 /* CarCell.xib in Resources */ = {isa = PBXBuildFile; fileRef = CE3E58AC21079B0600BE3FC0 /* CarCell.xib */; };
		CE3E58AF2107A06500BE3FC0 /* Owner.swift in Sources */ = {isa = PBXBuildFile; fileRef = CE3E58AE2107A06500BE3FC0 /* Owner.swift */; };
		CE3E58B52107A21D00BE3FC0 /* CarListViewModel.swift in Sources */ = {isa = PBXBuildFile; fileRef = CE3E58B42107A21D00BE3FC0 /* CarListViewModel.swift */; };
		CECDC68B210E38A600A452C7 /* StoreService.swift in Sources */ = {isa = PBXBuildFile; fileRef = CECDC68A210E38A600A452C7 /* StoreService.swift */; };
		CECDC68E210E38EC00A452C7 /* CarObject.swift in Sources */ = {isa = PBXBuildFile; fileRef = CECDC68D210E38EC00A452C7 /* CarObject.swift */; };
		CECDC693210E4BEE00A452C7 /* API.swift in Sources */ = {isa = PBXBuildFile; fileRef = CECDC692210E4BEE00A452C7 /* API.swift */; };
		CECDC695210E4C3D00A452C7 /* CarList.swift in Sources */ = {isa = PBXBuildFile; fileRef = CECDC694210E4C3D00A452C7 /* CarList.swift */; };
		CECDC698210E4E5600A452C7 /* cars.json in Resources */ = {isa = PBXBuildFile; fileRef = CECDC697210E4E5600A452C7 /* cars.json */; };
/* End PBXBuildFile section */

/* Begin PBXFileReference section */
		3D2C8A371125C6254F376354 /* Pods-MVVM.debug.xcconfig */ = {isa = PBXFileReference; includeInIndex = 1; lastKnownFileType = text.xcconfig; name = "Pods-MVVM.debug.xcconfig"; path = "Pods/Target Support Files/Pods-MVVM/Pods-MVVM.debug.xcconfig"; sourceTree = "<group>"; };
		BAB8E9B0185DAE91E5027144 /* Pods_MVVM.framework */ = {isa = PBXFileReference; explicitFileType = wrapper.framework; includeInIndex = 0; path = Pods_MVVM.framework; sourceTree = BUILT_PRODUCTS_DIR; };
		C51E642502395BE41396EDA7 /* Pods-MVVM.release.xcconfig */ = {isa = PBXFileReference; includeInIndex = 1; lastKnownFileType = text.xcconfig; name = "Pods-MVVM.release.xcconfig"; path = "Pods/Target Support Files/Pods-MVVM/Pods-MVVM.release.xcconfig"; sourceTree = "<group>"; };
		CE3E5891210750BB00BE3FC0 /* MVVM.app */ = {isa = PBXFileReference; explicitFileType = wrapper.application; includeInIndex = 0; path = MVVM.app; sourceTree = BUILT_PRODUCTS_DIR; };
		CE3E5894210750BB00BE3FC0 /* AppDelegate.swift */ = {isa = PBXFileReference; lastKnownFileType = sourcecode.swift; path = AppDelegate.swift; sourceTree = "<group>"; };
		CE3E5896210750BB00BE3FC0 /* MainViewController.swift */ = {isa = PBXFileReference; lastKnownFileType = sourcecode.swift; path = MainViewController.swift; sourceTree = "<group>"; };
		CE3E5899210750BB00BE3FC0 /* Base */ = {isa = PBXFileReference; lastKnownFileType = file.storyboard; name = Base; path = Base.lproj/Main.storyboard; sourceTree = "<group>"; };
		CE3E589B210750BB00BE3FC0 /* Assets.xcassets */ = {isa = PBXFileReference; lastKnownFileType = folder.assetcatalog; path = Assets.xcassets; sourceTree = "<group>"; };
		CE3E589E210750BB00BE3FC0 /* Base */ = {isa = PBXFileReference; lastKnownFileType = file.storyboard; name = Base; path = Base.lproj/LaunchScreen.storyboard; sourceTree = "<group>"; };
		CE3E58A0210750BB00BE3FC0 /* Info.plist */ = {isa = PBXFileReference; lastKnownFileType = text.plist.xml; path = Info.plist; sourceTree = "<group>"; };
		CE3E58A72107774000BE3FC0 /* Car.swift */ = {isa = PBXFileReference; lastKnownFileType = sourcecode.swift; path = Car.swift; sourceTree = "<group>"; };
		CE3E58AA21079AC400BE3FC0 /* CarCell.swift */ = {isa = PBXFileReference; lastKnownFileType = sourcecode.swift; path = CarCell.swift; sourceTree = "<group>"; };
		CE3E58AC21079B0600BE3FC0 /* CarCell.xib */ = {isa = PBXFileReference; lastKnownFileType = file.xib; path = CarCell.xib; sourceTree = "<group>"; };
		CE3E58AE2107A06500BE3FC0 /* Owner.swift */ = {isa = PBXFileReference; lastKnownFileType = sourcecode.swift; path = Owner.swift; sourceTree = "<group>"; };
		CE3E58B42107A21D00BE3FC0 /* CarListViewModel.swift */ = {isa = PBXFileReference; lastKnownFileType = sourcecode.swift; path = CarListViewModel.swift; sourceTree = "<group>"; };
		CECDC68A210E38A600A452C7 /* StoreService.swift */ = {isa = PBXFileReference; lastKnownFileType = sourcecode.swift; path = StoreService.swift; sourceTree = "<group>"; };
		CECDC68D210E38EC00A452C7 /* CarObject.swift */ = {isa = PBXFileReference; lastKnownFileType = sourcecode.swift; path = CarObject.swift; sourceTree = "<group>"; };
		CECDC692210E4BEE00A452C7 /* API.swift */ = {isa = PBXFileReference; lastKnownFileType = sourcecode.swift; path = API.swift; sourceTree = "<group>"; };
		CECDC694210E4C3D00A452C7 /* CarList.swift */ = {isa = PBXFileReference; lastKnownFileType = sourcecode.swift; path = CarList.swift; sourceTree = "<group>"; };
		CECDC697210E4E5600A452C7 /* cars.json */ = {isa = PBXFileReference; fileEncoding = 4; lastKnownFileType = text.json; name = cars.json; path = "../../../MVVM Issues/cars.json"; sourceTree = "<group>"; };
/* End PBXFileReference section */

/* Begin PBXFrameworksBuildPhase section */
		CE3E588E210750BB00BE3FC0 /* Frameworks */ = {
			isa = PBXFrameworksBuildPhase;
			buildActionMask = 2147483647;
			files = (
				136633D77158A55B3742F520 /* Pods_MVVM.framework in Frameworks */,
			);
			runOnlyForDeploymentPostprocessing = 0;
		};
/* End PBXFrameworksBuildPhase section */

/* Begin PBXGroup section */
		BD817AB4C09D8532C8A33267 /* Pods */ = {
			isa = PBXGroup;
			children = (
				3D2C8A371125C6254F376354 /* Pods-MVVM.debug.xcconfig */,
				C51E642502395BE41396EDA7 /* Pods-MVVM.release.xcconfig */,
			);
			name = Pods;
			sourceTree = "<group>";
		};
		CE3E5888210750BB00BE3FC0 = {
			isa = PBXGroup;
			children = (
				CE3E5893210750BB00BE3FC0 /* MVVM */,
				CE3E5892210750BB00BE3FC0 /* Products */,
				BD817AB4C09D8532C8A33267 /* Pods */,
				E45136E1065F188E539D3762 /* Frameworks */,
			);
			sourceTree = "<group>";
		};
		CE3E5892210750BB00BE3FC0 /* Products */ = {
			isa = PBXGroup;
			children = (
				CE3E5891210750BB00BE3FC0 /* MVVM.app */,
			);
			name = Products;
			sourceTree = "<group>";
		};
		CE3E5893210750BB00BE3FC0 /* MVVM */ = {
			isa = PBXGroup;
			children = (
				CE3E58B62107A25800BE3FC0 /* Application */,
				CECDC68F210E44BA00A452C7 /* API */,
				CECDC696210E4DEF00A452C7 /* Data */,
				CE3E58B02107A13900BE3FC0 /* Modules */,
				CE3E58A62107770B00BE3FC0 /* Models */,
				CE3E58A921079A9D00BE3FC0 /* Views */,
				CE3E58B32107A1FA00BE3FC0 /* ViewModels */,
				CECDC689210E380900A452C7 /* Services */,
				CE3E589B210750BB00BE3FC0 /* Assets.xcassets */,
				CE3E589D210750BB00BE3FC0 /* LaunchScreen.storyboard */,
				CE3E58A0210750BB00BE3FC0 /* Info.plist */,
			);
			path = MVVM;
			sourceTree = "<group>";
		};
		CE3E58A62107770B00BE3FC0 /* Models */ = {
			isa = PBXGroup;
			children = (
				CECDC68C210E38D600A452C7 /* Realm */,
				CE3E58A72107774000BE3FC0 /* Car.swift */,
				CECDC694210E4C3D00A452C7 /* CarList.swift */,
				CE3E58AE2107A06500BE3FC0 /* Owner.swift */,
			);
			path = Models;
			sourceTree = "<group>";
		};
		CE3E58A921079A9D00BE3FC0 /* Views */ = {
			isa = PBXGroup;
			children = (
				CE3E58B22107A19D00BE3FC0 /* Car */,
			);
			path = Views;
			sourceTree = "<group>";
		};
		CE3E58B02107A13900BE3FC0 /* Modules */ = {
			isa = PBXGroup;
			children = (
				CE3E58B12107A14800BE3FC0 /* Main */,
			);
			path = Modules;
			sourceTree = "<group>";
		};
		CE3E58B12107A14800BE3FC0 /* Main */ = {
			isa = PBXGroup;
			children = (
				CE3E5898210750BB00BE3FC0 /* Main.storyboard */,
				CE3E5896210750BB00BE3FC0 /* MainViewController.swift */,
			);
			path = Main;
			sourceTree = "<group>";
		};
		CE3E58B22107A19D00BE3FC0 /* Car */ = {
			isa = PBXGroup;
			children = (
				CE3E58AC21079B0600BE3FC0 /* CarCell.xib */,
				CE3E58AA21079AC400BE3FC0 /* CarCell.swift */,
			);
			path = Car;
			sourceTree = "<group>";
		};
		CE3E58B32107A1FA00BE3FC0 /* ViewModels */ = {
			isa = PBXGroup;
			children = (
				CE3E58B42107A21D00BE3FC0 /* CarListViewModel.swift */,
			);
			path = ViewModels;
			sourceTree = "<group>";
		};
		CE3E58B62107A25800BE3FC0 /* Application */ = {
			isa = PBXGroup;
			children = (
				CE3E5894210750BB00BE3FC0 /* AppDelegate.swift */,
			);
			path = Application;
			sourceTree = "<group>";
		};
		CECDC689210E380900A452C7 /* Services */ = {
			isa = PBXGroup;
			children = (
				CECDC68A210E38A600A452C7 /* StoreService.swift */,
			);
			path = Services;
			sourceTree = "<group>";
		};
		CECDC68C210E38D600A452C7 /* Realm */ = {
			isa = PBXGroup;
			children = (
				CECDC68D210E38EC00A452C7 /* CarObject.swift */,
			);
			path = Realm;
			sourceTree = "<group>";
		};
		CECDC68F210E44BA00A452C7 /* API */ = {
			isa = PBXGroup;
			children = (
				CECDC692210E4BEE00A452C7 /* API.swift */,
			);
			path = API;
			sourceTree = "<group>";
		};
		CECDC696210E4DEF00A452C7 /* Data */ = {
			isa = PBXGroup;
			children = (
				CECDC697210E4E5600A452C7 /* cars.json */,
			);
			path = Data;
			sourceTree = "<group>";
		};
		E45136E1065F188E539D3762 /* Frameworks */ = {
			isa = PBXGroup;
			children = (
				BAB8E9B0185DAE91E5027144 /* Pods_MVVM.framework */,
			);
			name = Frameworks;
			sourceTree = "<group>";
		};
/* End PBXGroup section */

/* Begin PBXNativeTarget section */
		CE3E5890210750BB00BE3FC0 /* MVVM */ = {
			isa = PBXNativeTarget;
			buildConfigurationList = CE3E58A3210750BB00BE3FC0 /* Build configuration list for PBXNativeTarget "MVVM" */;
			buildPhases = (
				1FE81EDA410618A966380731 /* [CP] Check Pods Manifest.lock */,
				CE3E588D210750BB00BE3FC0 /* Sources */,
				CE3E588E210750BB00BE3FC0 /* Frameworks */,
				CE3E588F210750BB00BE3FC0 /* Resources */,
				B5FC5FEF734632BC708EA6F0 /* [CP] Embed Pods Frameworks */,
				E0289318AFF05D5FF76C790F /* [CP] Copy Pods Resources */,
			);
			buildRules = (
			);
			dependencies = (
			);
			name = MVVM;
			productName = MVVM;
			productReference = CE3E5891210750BB00BE3FC0 /* MVVM.app */;
			productType = "com.apple.product-type.application";
		};
/* End PBXNativeTarget section */

/* Begin PBXProject section */
		CE3E5889210750BB00BE3FC0 /* Project object */ = {
			isa = PBXProject;
			attributes = {
				LastSwiftUpdateCheck = 0920;
				LastUpgradeCheck = 0920;
				ORGANIZATIONNAME = Administrator;
				TargetAttributes = {
					CE3E5890210750BB00BE3FC0 = {
						CreatedOnToolsVersion = 9.2;
						ProvisioningStyle = Automatic;
					};
				};
			};
			buildConfigurationList = CE3E588C210750BB00BE3FC0 /* Build configuration list for PBXProject "MVVM" */;
			compatibilityVersion = "Xcode 8.0";
			developmentRegion = en;
			hasScannedForEncodings = 0;
			knownRegions = (
				en,
				Base,
			);
			mainGroup = CE3E5888210750BB00BE3FC0;
			productRefGroup = CE3E5892210750BB00BE3FC0 /* Products */;
			projectDirPath = "";
			projectRoot = "";
			targets = (
				CE3E5890210750BB00BE3FC0 /* MVVM */,
			);
		};
/* End PBXProject section */

/* Begin PBXResourcesBuildPhase section */
		CE3E588F210750BB00BE3FC0 /* Resources */ = {
			isa = PBXResourcesBuildPhase;
			buildActionMask = 2147483647;
			files = (
				CE3E589F210750BB00BE3FC0 /* LaunchScreen.storyboard in Resources */,
				CE3E589C210750BB00BE3FC0 /* Assets.xcassets in Resources */,
				CECDC698210E4E5600A452C7 /* cars.json in Resources */,
				CE3E58AD21079B0600BE3FC0 /* CarCell.xib in Resources */,
				CE3E589A210750BB00BE3FC0 /* Main.storyboard in Resources */,
			);
			runOnlyForDeploymentPostprocessing = 0;
		};
/* End PBXResourcesBuildPhase section */

/* Begin PBXShellScriptBuildPhase section */
		1FE81EDA410618A966380731 /* [CP] Check Pods Manifest.lock */ = {
			isa = PBXShellScriptBuildPhase;
			buildActionMask = 2147483647;
			files = (
			);
			inputPaths = (
				"${PODS_PODFILE_DIR_PATH}/Podfile.lock",
				"${PODS_ROOT}/Manifest.lock",
			);
			name = "[CP] Check Pods Manifest.lock";
			outputPaths = (
				"$(DERIVED_FILE_DIR)/Pods-MVVM-checkManifestLockResult.txt",
			);
			runOnlyForDeploymentPostprocessing = 0;
			shellPath = /bin/sh;
			shellScript = "diff \"${PODS_PODFILE_DIR_PATH}/Podfile.lock\" \"${PODS_ROOT}/Manifest.lock\" > /dev/null\nif [ $? != 0 ] ; then\n    # print error to STDERR\n    echo \"error: The sandbox is not in sync with the Podfile.lock. Run 'pod install' or update your CocoaPods installation.\" >&2\n    exit 1\nfi\n# This output is used by Xcode 'outputs' to avoid re-running this script phase.\necho \"SUCCESS\" > \"${SCRIPT_OUTPUT_FILE_0}\"\n";
			showEnvVarsInLog = 0;
		};
		B5FC5FEF734632BC708EA6F0 /* [CP] Embed Pods Frameworks */ = {
			isa = PBXShellScriptBuildPhase;
			buildActionMask = 2147483647;
			files = (
			);
			inputPaths = (
				"${SRCROOT}/Pods/Target Support Files/Pods-MVVM/Pods-MVVM-frameworks.sh",
				"${BUILT_PRODUCTS_DIR}/Alamofire/Alamofire.framework",
				"${BUILT_PRODUCTS_DIR}/AlamofireObjectMapper/AlamofireObjectMapper.framework",
				"${BUILT_PRODUCTS_DIR}/ObjectMapper/ObjectMapper.framework",
				"${BUILT_PRODUCTS_DIR}/Realm/Realm.framework",
				"${BUILT_PRODUCTS_DIR}/RealmSwift/RealmSwift.framework",
				"${BUILT_PRODUCTS_DIR}/RxSwift/RxSwift.framework",
			);
			name = "[CP] Embed Pods Frameworks";
			outputPaths = (
				"${TARGET_BUILD_DIR}/${FRAMEWORKS_FOLDER_PATH}/Alamofire.framework",
				"${TARGET_BUILD_DIR}/${FRAMEWORKS_FOLDER_PATH}/AlamofireObjectMapper.framework",
				"${TARGET_BUILD_DIR}/${FRAMEWORKS_FOLDER_PATH}/ObjectMapper.framework",
				"${TARGET_BUILD_DIR}/${FRAMEWORKS_FOLDER_PATH}/Realm.framework",
				"${TARGET_BUILD_DIR}/${FRAMEWORKS_FOLDER_PATH}/RealmSwift.framework",
				"${TARGET_BUILD_DIR}/${FRAMEWORKS_FOLDER_PATH}/RxSwift.framework",
			);
			runOnlyForDeploymentPostprocessing = 0;
			shellPath = /bin/sh;
			shellScript = "\"${SRCROOT}/Pods/Target Support Files/Pods-MVVM/Pods-MVVM-frameworks.sh\"\n";
			showEnvVarsInLog = 0;
		};
		E0289318AFF05D5FF76C790F /* [CP] Copy Pods Resources */ = {
			isa = PBXShellScriptBuildPhase;
			buildActionMask = 2147483647;
			files = (
			);
			inputPaths = (
			);
			name = "[CP] Copy Pods Resources";
			outputPaths = (
			);
			runOnlyForDeploymentPostprocessing = 0;
			shellPath = /bin/sh;
			shellScript = "\"${SRCROOT}/Pods/Target Support Files/Pods-MVVM/Pods-MVVM-resources.sh\"\n";
			showEnvVarsInLog = 0;
		};
/* End PBXShellScriptBuildPhase section */

/* Begin PBXSourcesBuildPhase section */
		CE3E588D210750BB00BE3FC0 /* Sources */ = {
			isa = PBXSourcesBuildPhase;
			buildActionMask = 2147483647;
			files = (
				CECDC695210E4C3D00A452C7 /* CarList.swift in Sources */,
				CE3E5897210750BB00BE3FC0 /* MainViewController.swift in Sources */,
				CE3E58B52107A21D00BE3FC0 /* CarListViewModel.swift in Sources */,
				CE3E5895210750BB00BE3FC0 /* AppDelegate.swift in Sources */,
				CE3E58AB21079AC400BE3FC0 /* CarCell.swift in Sources */,
				CE3E58AF2107A06500BE3FC0 /* Owner.swift in Sources */,
				CECDC68B210E38A600A452C7 /* StoreService.swift in Sources */,
				CE3E58A82107774000BE3FC0 /* Car.swift in Sources */,
				CECDC693210E4BEE00A452C7 /* API.swift in Sources */,
				CECDC68E210E38EC00A452C7 /* CarObject.swift in Sources */,
			);
			runOnlyForDeploymentPostprocessing = 0;
		};
/* End PBXSourcesBuildPhase section */

/* Begin PBXVariantGroup section */
		CE3E5898210750BB00BE3FC0 /* Main.storyboard */ = {
			isa = PBXVariantGroup;
			children = (
				CE3E5899210750BB00BE3FC0 /* Base */,
			);
			name = Main.storyboard;
			sourceTree = "<group>";
		};
		CE3E589D210750BB00BE3FC0 /* LaunchScreen.storyboard */ = {
			isa = PBXVariantGroup;
			children = (
				CE3E589E210750BB00BE3FC0 /* Base */,
			);
			name = LaunchScreen.storyboard;
			sourceTree = "<group>";
		};
/* End PBXVariantGroup section */

/* Begin XCBuildConfiguration section */
		CE3E58A1210750BB00BE3FC0 /* Debug */ = {
			isa = XCBuildConfiguration;
			buildSettings = {
				ALWAYS_SEARCH_USER_PATHS = NO;
				CLANG_ANALYZER_NONNULL = YES;
				CLANG_ANALYZER_NUMBER_OBJECT_CONVERSION = YES_AGGRESSIVE;
				CLANG_CXX_LANGUAGE_STANDARD = "gnu++14";
				CLANG_CXX_LIBRARY = "libc++";
				CLANG_ENABLE_MODULES = YES;
				CLANG_ENABLE_OBJC_ARC = YES;
				CLANG_WARN_BLOCK_CAPTURE_AUTORELEASING = YES;
				CLANG_WARN_BOOL_CONVERSION = YES;
				CLANG_WARN_COMMA = YES;
				CLANG_WARN_CONSTANT_CONVERSION = YES;
				CLANG_WARN_DIRECT_OBJC_ISA_USAGE = YES_ERROR;
				CLANG_WARN_DOCUMENTATION_COMMENTS = YES;
				CLANG_WARN_EMPTY_BODY = YES;
				CLANG_WARN_ENUM_CONVERSION = YES;
				CLANG_WARN_INFINITE_RECURSION = YES;
				CLANG_WARN_INT_CONVERSION = YES;
				CLANG_WARN_NON_LITERAL_NULL_CONVERSION = YES;
				CLANG_WARN_OBJC_LITERAL_CONVERSION = YES;
				CLANG_WARN_OBJC_ROOT_CLASS = YES_ERROR;
				CLANG_WARN_RANGE_LOOP_ANALYSIS = YES;
				CLANG_WARN_STRICT_PROTOTYPES = YES;
				CLANG_WARN_SUSPICIOUS_MOVE = YES;
				CLANG_WARN_UNGUARDED_AVAILABILITY = YES_AGGRESSIVE;
				CLANG_WARN_UNREACHABLE_CODE = YES;
				CLANG_WARN__DUPLICATE_METHOD_MATCH = YES;
				CODE_SIGN_IDENTITY = "iPhone Developer";
				COPY_PHASE_STRIP = NO;
				DEBUG_INFORMATION_FORMAT = dwarf;
				ENABLE_STRICT_OBJC_MSGSEND = YES;
				ENABLE_TESTABILITY = YES;
				GCC_C_LANGUAGE_STANDARD = gnu11;
				GCC_DYNAMIC_NO_PIC = NO;
				GCC_NO_COMMON_BLOCKS = YES;
				GCC_OPTIMIZATION_LEVEL = 0;
				GCC_PREPROCESSOR_DEFINITIONS = (
					"DEBUG=1",
					"$(inherited)",
				);
				GCC_WARN_64_TO_32_BIT_CONVERSION = YES;
				GCC_WARN_ABOUT_RETURN_TYPE = YES_ERROR;
				GCC_WARN_UNDECLARED_SELECTOR = YES;
				GCC_WARN_UNINITIALIZED_AUTOS = YES_AGGRESSIVE;
				GCC_WARN_UNUSED_FUNCTION = YES;
				GCC_WARN_UNUSED_VARIABLE = YES;
				IPHONEOS_DEPLOYMENT_TARGET = 11.2;
				MTL_ENABLE_DEBUG_INFO = YES;
				ONLY_ACTIVE_ARCH = YES;
				SDKROOT = iphoneos;
				SWIFT_ACTIVE_COMPILATION_CONDITIONS = DEBUG;
				SWIFT_OPTIMIZATION_LEVEL = "-Onone";
			};
			name = Debug;
		};
		CE3E58A2210750BB00BE3FC0 /* Release */ = {
			isa = XCBuildConfiguration;
			buildSettings = {
				ALWAYS_SEARCH_USER_PATHS = NO;
				CLANG_ANALYZER_NONNULL = YES;
				CLANG_ANALYZER_NUMBER_OBJECT_CONVERSION = YES_AGGRESSIVE;
				CLANG_CXX_LANGUAGE_STANDARD = "gnu++14";
				CLANG_CXX_LIBRARY = "libc++";
				CLANG_ENABLE_MODULES = YES;
				CLANG_ENABLE_OBJC_ARC = YES;
				CLANG_WARN_BLOCK_CAPTURE_AUTORELEASING = YES;
				CLANG_WARN_BOOL_CONVERSION = YES;
				CLANG_WARN_COMMA = YES;
				CLANG_WARN_CONSTANT_CONVERSION = YES;
				CLANG_WARN_DIRECT_OBJC_ISA_USAGE = YES_ERROR;
				CLANG_WARN_DOCUMENTATION_COMMENTS = YES;
				CLANG_WARN_EMPTY_BODY = YES;
				CLANG_WARN_ENUM_CONVERSION = YES;
				CLANG_WARN_INFINITE_RECURSION = YES;
				CLANG_WARN_INT_CONVERSION = YES;
				CLANG_WARN_NON_LITERAL_NULL_CONVERSION = YES;
				CLANG_WARN_OBJC_LITERAL_CONVERSION = YES;
				CLANG_WARN_OBJC_ROOT_CLASS = YES_ERROR;
				CLANG_WARN_RANGE_LOOP_ANALYSIS = YES;
				CLANG_WARN_STRICT_PROTOTYPES = YES;
				CLANG_WARN_SUSPICIOUS_MOVE = YES;
				CLANG_WARN_UNGUARDED_AVAILABILITY = YES_AGGRESSIVE;
				CLANG_WARN_UNREACHABLE_CODE = YES;
				CLANG_WARN__DUPLICATE_METHOD_MATCH = YES;
				CODE_SIGN_IDENTITY = "iPhone Developer";
				COPY_PHASE_STRIP = NO;
				DEBUG_INFORMATION_FORMAT = "dwarf-with-dsym";
				ENABLE_NS_ASSERTIONS = NO;
				ENABLE_STRICT_OBJC_MSGSEND = YES;
				GCC_C_LANGUAGE_STANDARD = gnu11;
				GCC_NO_COMMON_BLOCKS = YES;
				GCC_WARN_64_TO_32_BIT_CONVERSION = YES;
				GCC_WARN_ABOUT_RETURN_TYPE = YES_ERROR;
				GCC_WARN_UNDECLARED_SELECTOR = YES;
				GCC_WARN_UNINITIALIZED_AUTOS = YES_AGGRESSIVE;
				GCC_WARN_UNUSED_FUNCTION = YES;
				GCC_WARN_UNUSED_VARIABLE = YES;
				IPHONEOS_DEPLOYMENT_TARGET = 11.2;
				MTL_ENABLE_DEBUG_INFO = NO;
				SDKROOT = iphoneos;
				SWIFT_OPTIMIZATION_LEVEL = "-Owholemodule";
				VALIDATE_PRODUCT = YES;
			};
			name = Release;
		};
		CE3E58A4210750BB00BE3FC0 /* Debug */ = {
			isa = XCBuildConfiguration;
			baseConfigurationReference = 3D2C8A371125C6254F376354 /* Pods-MVVM.debug.xcconfig */;
			buildSettings = {
				ASSETCATALOG_COMPILER_APPICON_NAME = AppIcon;
				CODE_SIGN_STYLE = Automatic;
				INFOPLIST_FILE = MVVM/Info.plist;
				LD_RUNPATH_SEARCH_PATHS = "$(inherited) @executable_path/Frameworks";
				PRODUCT_BUNDLE_IDENTIFIER = Administrator.MVVM;
				PRODUCT_NAME = "$(TARGET_NAME)";
				SWIFT_VERSION = 4.0;
				TARGETED_DEVICE_FAMILY = "1,2";
			};
			name = Debug;
		};
		CE3E58A5210750BB00BE3FC0 /* Release */ = {
			isa = XCBuildConfiguration;
			baseConfigurationReference = C51E642502395BE41396EDA7 /* Pods-MVVM.release.xcconfig */;
			buildSettings = {
				ASSETCATALOG_COMPILER_APPICON_NAME = AppIcon;
				CODE_SIGN_STYLE = Automatic;
				INFOPLIST_FILE = MVVM/Info.plist;
				LD_RUNPATH_SEARCH_PATHS = "$(inherited) @executable_path/Frameworks";
				PRODUCT_BUNDLE_IDENTIFIER = Administrator.MVVM;
				PRODUCT_NAME = "$(TARGET_NAME)";
				SWIFT_VERSION = 4.0;
				TARGETED_DEVICE_FAMILY = "1,2";
			};
			name = Release;
		};
/* End XCBuildConfiguration section */

/* Begin XCConfigurationList section */
		CE3E588C210750BB00BE3FC0 /* Build configuration list for PBXProject "MVVM" */ = {
			isa = XCConfigurationList;
			buildConfigurations = (
				CE3E58A1210750BB00BE3FC0 /* Debug */,
				CE3E58A2210750BB00BE3FC0 /* Release */,
			);
			defaultConfigurationIsVisible = 0;
			defaultConfigurationName = Release;
		};
		CE3E58A3210750BB00BE3FC0 /* Build configuration list for PBXNativeTarget "MVVM" */ = {
			isa = XCConfigurationList;
			buildConfigurations = (
				CE3E58A4210750BB00BE3FC0 /* Debug */,
				CE3E58A5210750BB00BE3FC0 /* Release */,
			);
			defaultConfigurationIsVisible = 0;
			defaultConfigurationName = Release;
		};
/* End XCConfigurationList section */
	};
	rootObject = CE3E5889210750BB00BE3FC0 /* Project object */;
}
